#MicroXplorer Configuration settings - do not modify
Mcu.Family=STM32F3
VP_RTC_VS_RTC_Activate.Signal=RTC_VS_RTC_Activate
SH.GPXTI1.0=GPIO_EXTI1
ProjectManager.MainLocation=Core/Src
PC15-OSC32_OUT.Mode=LSE-External-Oscillator
RCC.USART1Freq_Value=8000000
ProjectManager.ProjectFileName=KTTV.ioc
USART2.IPParameters=VirtualMode-Asynchronous,BaudRate
RCC.CortexFreq_Value=8000000
ProjectManager.KeepUserCode=true
Mcu.UserName=STM32F303RCTx
Mcu.PinsNb=19
PB10.Mode=Asynchronous
ProjectManager.NoMain=false
RCC.PLLCLKFreq_Value=8000000
PA0.GPIO_Label=SIM_DTR
ProjectManager.functionlistsort=1-MX_GPIO_Init-GPIO-false-HAL-true,2-SystemClock_Config-RCC-false-HAL-false,3-MX_USART2_UART_Init-USART2-false-HAL-true,4-MX_USART3_UART_Init-USART3-false-HAL-true,5-MX_RTC_Init-RTC-false-HAL-true
PC2.Signal=GPIO_Output
PB11.GPIO_Label=RS485_TX
VP_RTC_VS_RTC_Activate.Mode=RTC_Enabled
PC3.Locked=true
RCC.RTCFreq_Value=32768
PA3.GPIOParameters=GPIO_Label
ProjectManager.DefaultFWLocation=true
RCC.HSEPLLFreq_Value=8000000
RCC.USART2Freq_Value=8000000
VP_RTC_VS_RTC_Calendar.Signal=RTC_VS_RTC_Calendar
ProjectManager.DeletePrevious=true
RCC.HSIPLLFreq_Value=4000000
PC14-OSC32_IN.Signal=RCC_OSC32_IN
PB11.Signal=USART3_RX
PA2.GPIOParameters=GPIO_Label
NVIC.USART2_IRQn=true\:0\:0\:false\:false\:true\:true\:true
USART2.BaudRate=115200
PinOutPanel.RotationAngle=0
VP_RTC_VS_RTC_Alarm_A_Intern.Mode=Alarm A
RCC.FamilyName=M
ProjectManager.StackSize=0x400
RTC.Seconds_A-Alarm\ A=10
PC3.GPIOParameters=GPIO_Label
USART3.VirtualMode-Asynchronous=VM_ASYNC
PA13.Signal=SYS_JTMS-SWDIO
PA3.Mode=Asynchronous
Mcu.IP4=USART2
Mcu.IP5=USART3
NVIC.SVCall_IRQn=true\:0\:0\:false\:false\:true\:false\:false
Mcu.IP2=RTC
Mcu.IP3=SYS
Mcu.IP0=NVIC
NVIC.EXTI1_IRQn=true\:0\:0\:false\:false\:true\:true\:true
Mcu.IP1=RCC
USART3.BaudRate=9600
Mcu.UserConstants=
PB11.Mode=Asynchronous
ProjectManager.TargetToolchain=STM32CubeIDE
PB10.GPIO_Label=RS485_RX
RTC.Year=21
Mcu.ThirdPartyNb=0
Mcu.IPNb=6
ProjectManager.PreviousToolchain=
PB2.GPIOParameters=GPIO_Label
PB11.GPIOParameters=GPIO_Label
RTC.IPParameters=Alarm-Alarm A,Format,Hours,Date,Year,Hours_A-Alarm A,Seconds_A-Alarm A,AlarmMaskDateWeekDay-Alarm A
PC3.Signal=GPIO_Output
Mcu.Pin6=PA0
RTC.Format=RTC_FORMAT_BIN
PC2.Locked=true
Mcu.Pin7=PA1
ProjectManager.RegisterCallBack=
Mcu.Pin8=PA2
Mcu.Pin9=PA3
PC15-OSC32_OUT.Signal=RCC_OSC32_OUT
PA1.GPIO_PuPd=GPIO_NOPULL
PA1.Signal=GPXTI1
RCC.AHBFreq_Value=8000000
RCC.TIM2Freq_Value=8000000
Mcu.Pin0=PC14-OSC32_IN
PF0-OSC_IN.Mode=HSE-External-Oscillator
Mcu.Pin1=PC15-OSC32_OUT
GPIO.groupedBy=Group By Peripherals
Mcu.Pin2=PF0-OSC_IN
PB10.Signal=USART3_TX
Mcu.Pin3=PF1-OSC_OUT
RCC.USART3Freq_Value=8000000
Mcu.Pin4=PC2
Mcu.Pin5=PC3
RCC.ADC1Enable-ClockTree=true
ProjectManager.ProjectBuild=false
RCC.HSE_VALUE=8000000
NVIC.UsageFault_IRQn=true\:0\:0\:false\:false\:true\:false\:false
PA0.Locked=true
NVIC.DebugMonitor_IRQn=true\:0\:0\:false\:false\:true\:false\:false
PB2.Signal=GPIO_Output
board=custom
USART2.VirtualMode-Asynchronous=VM_ASYNC
NVIC.SysTick_IRQn=true\:0\:0\:false\:false\:true\:false\:true
RCC.RTCClockSelection=RCC_RTCCLKSOURCE_LSE
ProjectManager.LastFirmware=false
RCC.VCOOutput2Freq_Value=4000000
ProjectManager.FirmwarePackage=STM32Cube FW_F3 V1.11.2
MxDb.Version=DB.6.0.21
RCC.APB2Freq_Value=8000000
RCC.UART4Freq_Value=8000000
PA1.GPIOParameters=GPIO_PuPd,GPIO_Label,GPIO_ModeDefaultEXTI
ProjectManager.BackupPrevious=false
MxCube.Version=6.2.1
PC14-OSC32_IN.Mode=LSE-External-Oscillator
RCC.I2C1Freq_Value=8000000
PA14.Mode=Serial_Wire
PC2.GPIOParameters=GPIO_Label
File.Version=6
PA1.GPIO_Label=SIM_RI
VP_SYS_VS_Systick.Mode=SysTick
NVIC.NonMaskableInt_IRQn=true\:0\:0\:false\:false\:true\:false\:false
NVIC.PendSV_IRQn=true\:0\:0\:false\:false\:true\:false\:false
RCC.UART5Freq_Value=8000000
PA13.Mode=Serial_Wire
ProjectManager.FreePins=false
NVIC.RTC_Alarm_IRQn=true\:0\:0\:false\:false\:true\:true\:true
RCC.IPParameters=ADC1Enable-ClockTree,ADC2Enable-ClockTree,AHBFreq_Value,APB1Freq_Value,APB2Freq_Value,CortexFreq_Value,FamilyName,HSEPLLFreq_Value,HSE_VALUE,HSIPLLFreq_Value,HSI_VALUE,I2C1Enable-ClockTree,I2C1Freq_Value,I2C2Freq_Value,LSI_VALUE,PLLCLKFreq_Value,PLLMCOFreq_Value,RTCClockSelection,RTCFreq_Value,RTCHSEDivFreq_Value,SYSCLKFreq_VALUE,TIM2Freq_Value,UART4Freq_Value,UART5Freq_Value,USART1Freq_Value,USART2Freq_Value,USART3Freq_Value,VCOOutput2Freq_Value
ProjectManager.AskForMigrate=true
Mcu.Name=STM32F303R(B-C)Tx
RTC.Alarm-Alarm\ A=RTC_ALARM_A
ProjectManager.HalAssertFull=false
RTC.Hours_A-Alarm\ A=9
RCC.RTCHSEDivFreq_Value=250000
PA2.Signal=USART2_TX
RCC.ADC2Enable-ClockTree=true
ProjectManager.ProjectName=KTTV
ProjectManager.UnderRoot=true
PA0.Signal=GPIO_Output
RTC.AlarmMaskDateWeekDay-Alarm\ A=RTC_ALARMMASK_DATEWEEKDAY
PB2.Locked=true
RCC.PLLMCOFreq_Value=4000000
ProjectManager.CoupleFile=false
RCC.SYSCLKFreq_VALUE=8000000
RTC.Hours=9
Mcu.Package=LQFP64
PA1.Locked=true
NVIC.ForceEnableDMAVector=true
KeepUserPlacement=false
NVIC.MemoryManagement_IRQn=true\:0\:0\:false\:false\:true\:false\:false
VP_RTC_VS_RTC_Alarm_A_Intern.Signal=RTC_VS_RTC_Alarm_A_Intern
ProjectManager.CompilerOptimize=6
ProjectManager.ToolChainLocation=
PA2.GPIO_Label=SIM_RX
RCC.LSI_VALUE=40000
VP_SYS_VS_Systick.Signal=SYS_VS_Systick
USART3.IPParameters=VirtualMode-Asynchronous,BaudRate
PA14.Signal=SYS_JTCK-SWCLK
VP_RTC_VS_RTC_Calendar.Mode=RTC_Calendar
PB2.GPIO_Label=RS485_EN
ProjectManager.HeapSize=0x200
PA0.GPIOParameters=GPIO_Label
Mcu.Pin15=VP_RTC_VS_RTC_Activate
NVIC.HardFault_IRQn=true\:0\:0\:false\:false\:true\:false\:false
Mcu.Pin16=VP_RTC_VS_RTC_Calendar
Mcu.Pin13=PA13
Mcu.Pin14=PA14
ProjectManager.ComputerToolchain=false
Mcu.Pin17=VP_RTC_VS_RTC_Alarm_A_Intern
RCC.HSI_VALUE=8000000
Mcu.Pin18=VP_SYS_VS_Systick
NVIC.PriorityGroup=NVIC_PRIORITYGROUP_4
Mcu.Pin11=PB10
Mcu.Pin12=PB11
Mcu.Pin10=PB2
PA2.Mode=Asynchronous
PC3.GPIO_Label=SIM_PWR
NVIC.BusFault_IRQn=true\:0\:0\:false\:false\:true\:false\:false
PB10.GPIOParameters=GPIO_Label
PF0-OSC_IN.Signal=RCC_OSC_IN
SH.GPXTI1.ConfNb=1
PF1-OSC_OUT.Mode=HSE-External-Oscillator
RCC.I2C2Freq_Value=8000000
RCC.APB1Freq_Value=8000000
PA1.GPIO_ModeDefaultEXTI=GPIO_MODE_IT_FALLING
RTC.Date=10
PC2.GPIO_Label=SIM_RESET
ProjectManager.CustomerFirmwarePackage=
ProjectManager.DeviceId=STM32F303RCTx
PF1-OSC_OUT.Signal=RCC_OSC_OUT
ProjectManager.LibraryCopy=1
RCC.I2C1Enable-ClockTree=true
PA3.GPIO_Label=SIM_TX
PA3.Signal=USART2_RX
isbadioc=false
